// !$*UTF8*$!
{
	archiveVersion = 1;
	classes = {
	};
	objectVersion = 50;
	objects = {

/* Begin PBXBuildFile section */
		4F9B078CEB7709BAF4F8B4CF /* Pods_RainyDay__macOS_.framework in Frameworks */ = {isa = PBXBuildFile; fileRef = 10EB28714EB275FA5F7B2428 /* Pods_RainyDay__macOS_.framework */; };
		CBAF99BFE089DFEDD302D4AB /* Pods_RainyDay__iOS_.framework in Frameworks */ = {isa = PBXBuildFile; fileRef = 208DC6583F22FAEE0D724D20 /* Pods_RainyDay__iOS_.framework */; };
		FED51C6A262C5AB800FFCB4D /* RainyDayApp.swift in Sources */ = {isa = PBXBuildFile; fileRef = FED51C57262C5AB200FFCB4D /* RainyDayApp.swift */; };
		FED51C6B262C5AB800FFCB4D /* RainyDayApp.swift in Sources */ = {isa = PBXBuildFile; fileRef = FED51C57262C5AB200FFCB4D /* RainyDayApp.swift */; };
		FED51C6C262C5AB800FFCB4D /* ContentView.swift in Sources */ = {isa = PBXBuildFile; fileRef = FED51C58262C5AB200FFCB4D /* ContentView.swift */; };
		FED51C6D262C5AB800FFCB4D /* ContentView.swift in Sources */ = {isa = PBXBuildFile; fileRef = FED51C58262C5AB200FFCB4D /* ContentView.swift */; };
		FED51C6E262C5AB800FFCB4D /* Assets.xcassets in Resources */ = {isa = PBXBuildFile; fileRef = FED51C59262C5AB800FFCB4D /* Assets.xcassets */; };
		FED51C6F262C5AB800FFCB4D /* Assets.xcassets in Resources */ = {isa = PBXBuildFile; fileRef = FED51C59262C5AB800FFCB4D /* Assets.xcassets */; };
		FED51C7B262C5F1100FFCB4D /* GoogleService-Info.plist in Resources */ = {isa = PBXBuildFile; fileRef = FED51C7A262C5F1100FFCB4D /* GoogleService-Info.plist */; };
		FED51C7C262C5F1100FFCB4D /* GoogleService-Info.plist in Resources */ = {isa = PBXBuildFile; fileRef = FED51C7A262C5F1100FFCB4D /* GoogleService-Info.plist */; };
/* End PBXBuildFile section */

/* Begin PBXFileReference section */
		10EB28714EB275FA5F7B2428 /* Pods_RainyDay__macOS_.framework */ = {isa = PBXFileReference; explicitFileType = wrapper.framework; includeInIndex = 0; path = Pods_RainyDay__macOS_.framework; sourceTree = BUILT_PRODUCTS_DIR; };
		15431F7DD03A95A401460837 /* Pods-RainyDay (iOS).debug.xcconfig */ = {isa = PBXFileReference; includeInIndex = 1; lastKnownFileType = text.xcconfig; name = "Pods-RainyDay (iOS).debug.xcconfig"; path = "Target Support Files/Pods-RainyDay (iOS)/Pods-RainyDay (iOS).debug.xcconfig"; sourceTree = "<group>"; };
		208DC6583F22FAEE0D724D20 /* Pods_RainyDay__iOS_.framework */ = {isa = PBXFileReference; explicitFileType = wrapper.framework; includeInIndex = 0; path = Pods_RainyDay__iOS_.framework; sourceTree = BUILT_PRODUCTS_DIR; };
		8B9B3179F7A0F518D6E9481A /* Pods-RainyDay (macOS).release.xcconfig */ = {isa = PBXFileReference; includeInIndex = 1; lastKnownFileType = text.xcconfig; name = "Pods-RainyDay (macOS).release.xcconfig"; path = "Target Support Files/Pods-RainyDay (macOS)/Pods-RainyDay (macOS).release.xcconfig"; sourceTree = "<group>"; };
		DF7C365A0CA0AC6CDA19C780 /* Pods-RainyDay (macOS).debug.xcconfig */ = {isa = PBXFileReference; includeInIndex = 1; lastKnownFileType = text.xcconfig; name = "Pods-RainyDay (macOS).debug.xcconfig"; path = "Target Support Files/Pods-RainyDay (macOS)/Pods-RainyDay (macOS).debug.xcconfig"; sourceTree = "<group>"; };
		F94D45799F1E6D0FF74AACF6 /* Pods-RainyDay (iOS).release.xcconfig */ = {isa = PBXFileReference; includeInIndex = 1; lastKnownFileType = text.xcconfig; name = "Pods-RainyDay (iOS).release.xcconfig"; path = "Target Support Files/Pods-RainyDay (iOS)/Pods-RainyDay (iOS).release.xcconfig"; sourceTree = "<group>"; };
		FED51C57262C5AB200FFCB4D /* RainyDayApp.swift */ = {isa = PBXFileReference; lastKnownFileType = sourcecode.swift; path = RainyDayApp.swift; sourceTree = "<group>"; };
		FED51C58262C5AB200FFCB4D /* ContentView.swift */ = {isa = PBXFileReference; lastKnownFileType = sourcecode.swift; path = ContentView.swift; sourceTree = "<group>"; };
		FED51C59262C5AB800FFCB4D /* Assets.xcassets */ = {isa = PBXFileReference; lastKnownFileType = folder.assetcatalog; path = Assets.xcassets; sourceTree = "<group>"; };
		FED51C5E262C5AB800FFCB4D /* RainyDay.app */ = {isa = PBXFileReference; explicitFileType = wrapper.application; includeInIndex = 0; path = RainyDay.app; sourceTree = BUILT_PRODUCTS_DIR; };
		FED51C61262C5AB800FFCB4D /* Info.plist */ = {isa = PBXFileReference; lastKnownFileType = text.plist.xml; path = Info.plist; sourceTree = "<group>"; };
		FED51C66262C5AB800FFCB4D /* RainyDay.app */ = {isa = PBXFileReference; explicitFileType = wrapper.application; includeInIndex = 0; path = RainyDay.app; sourceTree = BUILT_PRODUCTS_DIR; };
		FED51C68262C5AB800FFCB4D /* Info.plist */ = {isa = PBXFileReference; lastKnownFileType = text.plist.xml; path = Info.plist; sourceTree = "<group>"; };
		FED51C69262C5AB800FFCB4D /* macOS.entitlements */ = {isa = PBXFileReference; lastKnownFileType = text.plist.entitlements; path = macOS.entitlements; sourceTree = "<group>"; };
		FED51C7A262C5F1100FFCB4D /* GoogleService-Info.plist */ = {isa = PBXFileReference; fileEncoding = 4; lastKnownFileType = text.plist.xml; path = "GoogleService-Info.plist"; sourceTree = "<group>"; };
/* End PBXFileReference section */

/* Begin PBXFrameworksBuildPhase section */
		FED51C5B262C5AB800FFCB4D /* Frameworks */ = {
			isa = PBXFrameworksBuildPhase;
			buildActionMask = 2147483647;
			files = (
				CBAF99BFE089DFEDD302D4AB /* Pods_RainyDay__iOS_.framework in Frameworks */,
			);
			runOnlyForDeploymentPostprocessing = 0;
		};
		FED51C63262C5AB800FFCB4D /* Frameworks */ = {
			isa = PBXFrameworksBuildPhase;
			buildActionMask = 2147483647;
			files = (
				4F9B078CEB7709BAF4F8B4CF /* Pods_RainyDay__macOS_.framework in Frameworks */,
			);
			runOnlyForDeploymentPostprocessing = 0;
		};
/* End PBXFrameworksBuildPhase section */

/* Begin PBXGroup section */
		46A2E844F887CC9C181B4A79 /* Frameworks */ = {
			isa = PBXGroup;
			children = (
				208DC6583F22FAEE0D724D20 /* Pods_RainyDay__iOS_.framework */,
				10EB28714EB275FA5F7B2428 /* Pods_RainyDay__macOS_.framework */,
			);
			name = Frameworks;
			sourceTree = "<group>";
		};
		6B14299EF0D250D9D4D46B94 /* Pods */ = {
			isa = PBXGroup;
			children = (
				15431F7DD03A95A401460837 /* Pods-RainyDay (iOS).debug.xcconfig */,
				F94D45799F1E6D0FF74AACF6 /* Pods-RainyDay (iOS).release.xcconfig */,
				DF7C365A0CA0AC6CDA19C780 /* Pods-RainyDay (macOS).debug.xcconfig */,
				8B9B3179F7A0F518D6E9481A /* Pods-RainyDay (macOS).release.xcconfig */,
			);
			name = Pods;
			path = Pods;
			sourceTree = "<group>";
		};
		FED51C51262C5AB200FFCB4D = {
			isa = PBXGroup;
			children = (
				FED51C56262C5AB200FFCB4D /* Shared */,
				FED51C60262C5AB800FFCB4D /* iOS */,
				FED51C67262C5AB800FFCB4D /* macOS */,
				FED51C5F262C5AB800FFCB4D /* Products */,
				6B14299EF0D250D9D4D46B94 /* Pods */,
				46A2E844F887CC9C181B4A79 /* Frameworks */,
			);
			sourceTree = "<group>";
		};
		FED51C56262C5AB200FFCB4D /* Shared */ = {
			isa = PBXGroup;
			children = (
				FED51C7A262C5F1100FFCB4D /* GoogleService-Info.plist */,
				FED51C57262C5AB200FFCB4D /* RainyDayApp.swift */,
				FED51C58262C5AB200FFCB4D /* ContentView.swift */,
				FED51C59262C5AB800FFCB4D /* Assets.xcassets */,
			);
			path = Shared;
			sourceTree = "<group>";
		};
		FED51C5F262C5AB800FFCB4D /* Products */ = {
			isa = PBXGroup;
			children = (
				FED51C5E262C5AB800FFCB4D /* RainyDay.app */,
				FED51C66262C5AB800FFCB4D /* RainyDay.app */,
			);
			name = Products;
			sourceTree = "<group>";
		};
		FED51C60262C5AB800FFCB4D /* iOS */ = {
			isa = PBXGroup;
			children = (
				FED51C61262C5AB800FFCB4D /* Info.plist */,
			);
			path = iOS;
			sourceTree = "<group>";
		};
		FED51C67262C5AB800FFCB4D /* macOS */ = {
			isa = PBXGroup;
			children = (
				FED51C68262C5AB800FFCB4D /* Info.plist */,
				FED51C69262C5AB800FFCB4D /* macOS.entitlements */,
			);
			path = macOS;
			sourceTree = "<group>";
		};
/* End PBXGroup section */

/* Begin PBXNativeTarget section */
		FED51C5D262C5AB800FFCB4D /* RainyDay (iOS) */ = {
			isa = PBXNativeTarget;
			buildConfigurationList = FED51C72262C5AB800FFCB4D /* Build configuration list for PBXNativeTarget "RainyDay (iOS)" */;
			buildPhases = (
				6C476EFB2CA0E81A03818793 /* [CP] Check Pods Manifest.lock */,
				FED51C5A262C5AB800FFCB4D /* Sources */,
				FED51C5B262C5AB800FFCB4D /* Frameworks */,
				FED51C5C262C5AB800FFCB4D /* Resources */,
				7A4D5555C5C05918D214A54D /* [CP] Embed Pods Frameworks */,
			);
			buildRules = (
			);
			dependencies = (
			);
			name = "RainyDay (iOS)";
			productName = "RainyDay (iOS)";
			productReference = FED51C5E262C5AB800FFCB4D /* RainyDay.app */;
			productType = "com.apple.product-type.application";
		};
		FED51C65262C5AB800FFCB4D /* RainyDay (macOS) */ = {
			isa = PBXNativeTarget;
			buildConfigurationList = FED51C75262C5AB800FFCB4D /* Build configuration list for PBXNativeTarget "RainyDay (macOS)" */;
			buildPhases = (
				A540084FE44E8A44D8F1A101 /* [CP] Check Pods Manifest.lock */,
				FED51C62262C5AB800FFCB4D /* Sources */,
				FED51C63262C5AB800FFCB4D /* Frameworks */,
				FED51C64262C5AB800FFCB4D /* Resources */,
			);
			buildRules = (
			);
			dependencies = (
			);
			name = "RainyDay (macOS)";
			productName = "RainyDay (macOS)";
			productReference = FED51C66262C5AB800FFCB4D /* RainyDay.app */;
			productType = "com.apple.product-type.application";
		};
/* End PBXNativeTarget section */

/* Begin PBXProject section */
		FED51C52262C5AB200FFCB4D /* Project object */ = {
			isa = PBXProject;
			attributes = {
				LastSwiftUpdateCheck = 1240;
				LastUpgradeCheck = 1240;
				TargetAttributes = {
					FED51C5D262C5AB800FFCB4D = {
						CreatedOnToolsVersion = 12.4;
					};
					FED51C65262C5AB800FFCB4D = {
						CreatedOnToolsVersion = 12.4;
					};
				};
			};
			buildConfigurationList = FED51C55262C5AB200FFCB4D /* Build configuration list for PBXProject "RainyDay" */;
			compatibilityVersion = "Xcode 9.3";
			developmentRegion = en;
			hasScannedForEncodings = 0;
			knownRegions = (
				en,
				Base,
			);
			mainGroup = FED51C51262C5AB200FFCB4D;
			productRefGroup = FED51C5F262C5AB800FFCB4D /* Products */;
			projectDirPath = "";
			projectRoot = "";
			targets = (
				FED51C5D262C5AB800FFCB4D /* RainyDay (iOS) */,
				FED51C65262C5AB800FFCB4D /* RainyDay (macOS) */,
			);
		};
/* End PBXProject section */

/* Begin PBXResourcesBuildPhase section */
		FED51C5C262C5AB800FFCB4D /* Resources */ = {
			isa = PBXResourcesBuildPhase;
			buildActionMask = 2147483647;
			files = (
				FED51C6E262C5AB800FFCB4D /* Assets.xcassets in Resources */,
				FED51C7B262C5F1100FFCB4D /* GoogleService-Info.plist in Resources */,
			);
			runOnlyForDeploymentPostprocessing = 0;
		};
		FED51C64262C5AB800FFCB4D /* Resources */ = {
			isa = PBXResourcesBuildPhase;
			buildActionMask = 2147483647;
			files = (
				FED51C6F262C5AB800FFCB4D /* Assets.xcassets in Resources */,
				FED51C7C262C5F1100FFCB4D /* GoogleService-Info.plist in Resources */,
			);
			runOnlyForDeploymentPostprocessing = 0;
		};
/* End PBXResourcesBuildPhase section */

/* Begin PBXShellScriptBuildPhase section */
		6C476EFB2CA0E81A03818793 /* [CP] Check Pods Manifest.lock */ = {
			isa = PBXShellScriptBuildPhase;
			buildActionMask = 2147483647;
			files = (
			);
			inputFileListPaths = (
			);
			inputPaths = (
				"${PODS_PODFILE_DIR_PATH}/Podfile.lock",
				"${PODS_ROOT}/Manifest.lock",
			);
			name = "[CP] Check Pods Manifest.lock";
			outputFileListPaths = (
			);
			outputPaths = (
				"$(DERIVED_FILE_DIR)/Pods-RainyDay (iOS)-checkManifestLockResult.txt",
			);
			runOnlyForDeploymentPostprocessing = 0;
			shellPath = /bin/sh;
			shellScript = "diff \"${PODS_PODFILE_DIR_PATH}/Podfile.lock\" \"${PODS_ROOT}/Manifest.lock\" > /dev/null\nif [ $? != 0 ] ; then\n    # print error to STDERR\n    echo \"error: The sandbox is not in sync with the Podfile.lock. Run 'pod install' or update your CocoaPods installation.\" >&2\n    exit 1\nfi\n# This output is used by Xcode 'outputs' to avoid re-running this script phase.\necho \"SUCCESS\" > \"${SCRIPT_OUTPUT_FILE_0}\"\n";
			showEnvVarsInLog = 0;
		};
		7A4D5555C5C05918D214A54D /* [CP] Embed Pods Frameworks */ = {
			isa = PBXShellScriptBuildPhase;
			buildActionMask = 2147483647;
			files = (
			);
			inputFileListPaths = (
				"${PODS_ROOT}/Target Support Files/Pods-RainyDay (iOS)/Pods-RainyDay (iOS)-frameworks-${CONFIGURATION}-input-files.xcfilelist",
			);
			name = "[CP] Embed Pods Frameworks";
			outputFileListPaths = (
				"${PODS_ROOT}/Target Support Files/Pods-RainyDay (iOS)/Pods-RainyDay (iOS)-frameworks-${CONFIGURATION}-output-files.xcfilelist",
			);
			runOnlyForDeploymentPostprocessing = 0;
			shellPath = /bin/sh;
			shellScript = "\"${PODS_ROOT}/Target Support Files/Pods-RainyDay (iOS)/Pods-RainyDay (iOS)-frameworks.sh\"\n";
			showEnvVarsInLog = 0;
		};
		A540084FE44E8A44D8F1A101 /* [CP] Check Pods Manifest.lock */ = {
			isa = PBXShellScriptBuildPhase;
			buildActionMask = 2147483647;
			files = (
			);
			inputFileListPaths = (
			);
			inputPaths = (
				"${PODS_PODFILE_DIR_PATH}/Podfile.lock",
				"${PODS_ROOT}/Manifest.lock",
			);
			name = "[CP] Check Pods Manifest.lock";
			outputFileListPaths = (
			);
			outputPaths = (
				"$(DERIVED_FILE_DIR)/Pods-RainyDay (macOS)-checkManifestLockResult.txt",
			);
			runOnlyForDeploymentPostprocessing = 0;
			shellPath = /bin/sh;
			shellScript = "diff \"${PODS_PODFILE_DIR_PATH}/Podfile.lock\" \"${PODS_ROOT}/Manifest.lock\" > /dev/null\nif [ $? != 0 ] ; then\n    # print error to STDERR\n    echo \"error: The sandbox is not in sync with the Podfile.lock. Run 'pod install' or update your CocoaPods installation.\" >&2\n    exit 1\nfi\n# This output is used by Xcode 'outputs' to avoid re-running this script phase.\necho \"SUCCESS\" > \"${SCRIPT_OUTPUT_FILE_0}\"\n";
			showEnvVarsInLog = 0;
		};
/* End PBXShellScriptBuildPhase section */

/* Begin PBXSourcesBuildPhase section */
		FED51C5A262C5AB800FFCB4D /* Sources */ = {
			isa = PBXSourcesBuildPhase;
			buildActionMask = 2147483647;
			files = (
				FED51C6C262C5AB800FFCB4D /* ContentView.swift in Sources */,
				FED51C6A262C5AB800FFCB4D /* RainyDayApp.swift in Sources */,
			);
			runOnlyForDeploymentPostprocessing = 0;
		};
		FED51C62262C5AB800FFCB4D /* Sources */ = {
			isa = PBXSourcesBuildPhase;
			buildActionMask = 2147483647;
			files = (
				FED51C6D262C5AB800FFCB4D /* ContentView.swift in Sources */,
				FED51C6B262C5AB800FFCB4D /* RainyDayApp.swift in Sources */,
			);
			runOnlyForDeploymentPostprocessing = 0;
		};
/* End PBXSourcesBuildPhase section */

/* Begin XCBuildConfiguration section */
		FED51C70262C5AB800FFCB4D /* Debug */ = {
			isa = XCBuildConfiguration;
			buildSettings = {
				ALWAYS_SEARCH_USER_PATHS = NO;
				CLANG_ANALYZER_NONNULL = YES;
				CLANG_ANALYZER_NUMBER_OBJECT_CONVERSION = YES_AGGRESSIVE;
				CLANG_CXX_LANGUAGE_STANDARD = "gnu++14";
				CLANG_CXX_LIBRARY = "libc++";
				CLANG_ENABLE_MODULES = YES;
				CLANG_ENABLE_OBJC_ARC = YES;
				CLANG_ENABLE_OBJC_WEAK = YES;
				CLANG_WARN_BLOCK_CAPTURE_AUTORELEASING = YES;
				CLANG_WARN_BOOL_CONVERSION = YES;
				CLANG_WARN_COMMA = YES;
				CLANG_WARN_CONSTANT_CONVERSION = YES;
				CLANG_WARN_DEPRECATED_OBJC_IMPLEMENTATIONS = YES;
				CLANG_WARN_DIRECT_OBJC_ISA_USAGE = YES_ERROR;
				CLANG_WARN_DOCUMENTATION_COMMENTS = YES;
				CLANG_WARN_EMPTY_BODY = YES;
				CLANG_WARN_ENUM_CONVERSION = YES;
				CLANG_WARN_INFINITE_RECURSION = YES;
				CLANG_WARN_INT_CONVERSION = YES;
				CLANG_WARN_NON_LITERAL_NULL_CONVERSION = YES;
				CLANG_WARN_OBJC_IMPLICIT_RETAIN_SELF = YES;
				CLANG_WARN_OBJC_LITERAL_CONVERSION = YES;
				CLANG_WARN_OBJC_ROOT_CLASS = YES_ERROR;
				CLANG_WARN_QUOTED_INCLUDE_IN_FRAMEWORK_HEADER = YES;
				CLANG_WARN_RANGE_LOOP_ANALYSIS = YES;
				CLANG_WARN_STRICT_PROTOTYPES = YES;
				CLANG_WARN_SUSPICIOUS_MOVE = YES;
				CLANG_WARN_UNGUARDED_AVAILABILITY = YES_AGGRESSIVE;
				CLANG_WARN_UNREACHABLE_CODE = YES;
				CLANG_WARN__DUPLICATE_METHOD_MATCH = YES;
				COPY_PHASE_STRIP = NO;
				DEBUG_INFORMATION_FORMAT = dwarf;
				ENABLE_STRICT_OBJC_MSGSEND = YES;
				ENABLE_TESTABILITY = YES;
				GCC_C_LANGUAGE_STANDARD = gnu11;
				GCC_DYNAMIC_NO_PIC = NO;
				GCC_NO_COMMON_BLOCKS = YES;
				GCC_OPTIMIZATION_LEVEL = 0;
				GCC_PREPROCESSOR_DEFINITIONS = (
					"DEBUG=1",
					"$(inherited)",
				);
				GCC_WARN_64_TO_32_BIT_CONVERSION = YES;
				GCC_WARN_ABOUT_RETURN_TYPE = YES_ERROR;
				GCC_WARN_UNDECLARED_SELECTOR = YES;
				GCC_WARN_UNINITIALIZED_AUTOS = YES_AGGRESSIVE;
				GCC_WARN_UNUSED_FUNCTION = YES;
				GCC_WARN_UNUSED_VARIABLE = YES;
				MTL_ENABLE_DEBUG_INFO = INCLUDE_SOURCE;
				MTL_FAST_MATH = YES;
				ONLY_ACTIVE_ARCH = YES;
				SWIFT_ACTIVE_COMPILATION_CONDITIONS = DEBUG;
				SWIFT_OPTIMIZATION_LEVEL = "-Onone";
			};
			name = Debug;
		};
		FED51C71262C5AB800FFCB4D /* Release */ = {
			isa = XCBuildConfiguration;
			buildSettings = {
				ALWAYS_SEARCH_USER_PATHS = NO;
				CLANG_ANALYZER_NONNULL = YES;
				CLANG_ANALYZER_NUMBER_OBJECT_CONVERSION = YES_AGGRESSIVE;
				CLANG_CXX_LANGUAGE_STANDARD = "gnu++14";
				CLANG_CXX_LIBRARY = "libc++";
				CLANG_ENABLE_MODULES = YES;
				CLANG_ENABLE_OBJC_ARC = YES;
				CLANG_ENABLE_OBJC_WEAK = YES;
				CLANG_WARN_BLOCK_CAPTURE_AUTORELEASING = YES;
				CLANG_WARN_BOOL_CONVERSION = YES;
				CLANG_WARN_COMMA = YES;
				CLANG_WARN_CONSTANT_CONVERSION = YES;
				CLANG_WARN_DEPRECATED_OBJC_IMPLEMENTATIONS = YES;
				CLANG_WARN_DIRECT_OBJC_ISA_USAGE = YES_ERROR;
				CLANG_WARN_DOCUMENTATION_COMMENTS = YES;
				CLANG_WARN_EMPTY_BODY = YES;
				CLANG_WARN_ENUM_CONVERSION = YES;
				CLANG_WARN_INFINITE_RECURSION = YES;
				CLANG_WARN_INT_CONVERSION = YES;
				CLANG_WARN_NON_LITERAL_NULL_CONVERSION = YES;
				CLANG_WARN_OBJC_IMPLICIT_RETAIN_SELF = YES;
				CLANG_WARN_OBJC_LITERAL_CONVERSION = YES;
				CLANG_WARN_OBJC_ROOT_CLASS = YES_ERROR;
				CLANG_WARN_QUOTED_INCLUDE_IN_FRAMEWORK_HEADER = YES;
				CLANG_WARN_RANGE_LOOP_ANALYSIS = YES;
				CLANG_WARN_STRICT_PROTOTYPES = YES;
				CLANG_WARN_SUSPICIOUS_MOVE = YES;
				CLANG_WARN_UNGUARDED_AVAILABILITY = YES_AGGRESSIVE;
				CLANG_WARN_UNREACHABLE_CODE = YES;
				CLANG_WARN__DUPLICATE_METHOD_MATCH = YES;
				COPY_PHASE_STRIP = NO;
				DEBUG_INFORMATION_FORMAT = "dwarf-with-dsym";
				ENABLE_NS_ASSERTIONS = NO;
				ENABLE_STRICT_OBJC_MSGSEND = YES;
				GCC_C_LANGUAGE_STANDARD = gnu11;
				GCC_NO_COMMON_BLOCKS = YES;
				GCC_WARN_64_TO_32_BIT_CONVERSION = YES;
				GCC_WARN_ABOUT_RETURN_TYPE = YES_ERROR;
				GCC_WARN_UNDECLARED_SELECTOR = YES;
				GCC_WARN_UNINITIALIZED_AUTOS = YES_AGGRESSIVE;
				GCC_WARN_UNUSED_FUNCTION = YES;
				GCC_WARN_UNUSED_VARIABLE = YES;
				MTL_ENABLE_DEBUG_INFO = NO;
				MTL_FAST_MATH = YES;
				SWIFT_COMPILATION_MODE = wholemodule;
				SWIFT_OPTIMIZATION_LEVEL = "-O";
			};
			name = Release;
		};
		FED51C73262C5AB800FFCB4D /* Debug */ = {
			isa = XCBuildConfiguration;
			baseConfigurationReference = 15431F7DD03A95A401460837 /* Pods-RainyDay (iOS).debug.xcconfig */;
			buildSettings = {
				ASSETCATALOG_COMPILER_APPICON_NAME = AppIcon;
				ASSETCATALOG_COMPILER_GLOBAL_ACCENT_COLOR_NAME = AccentColor;
				CODE_SIGN_STYLE = Automatic;
				DEVELOPMENT_TEAM = 5J9H5L33GF;
				ENABLE_PREVIEWS = YES;
				INFOPLIST_FILE = iOS/Info.plist;
				IPHONEOS_DEPLOYMENT_TARGET = 14.0;
				LD_RUNPATH_SEARCH_PATHS = (
					"$(inherited)",
					"@executable_path/Frameworks",
				);
				PRODUCT_BUNDLE_IDENTIFIER = one.weareday.RainyDay;
				PRODUCT_NAME = RainyDay;
				SDKROOT = iphoneos;
				SWIFT_VERSION = 5.0;
				TARGETED_DEVICE_FAMILY = "1,2";
			};
			name = Debug;
		};
		FED51C74262C5AB800FFCB4D /* Release */ = {
			isa = XCBuildConfiguration;
			baseConfigurationReference = F94D45799F1E6D0FF74AACF6 /* Pods-RainyDay (iOS).release.xcconfig */;
			buildSettings = {
				ASSETCATALOG_COMPILER_APPICON_NAME = AppIcon;
				ASSETCATALOG_COMPILER_GLOBAL_ACCENT_COLOR_NAME = AccentColor;
				CODE_SIGN_STYLE = Automatic;
				DEVELOPMENT_TEAM = 5J9H5L33GF;
				ENABLE_PREVIEWS = YES;
				INFOPLIST_FILE = iOS/Info.plist;
				IPHONEOS_DEPLOYMENT_TARGET = 14.0;
				LD_RUNPATH_SEARCH_PATHS = (
					"$(inherited)",
					"@executable_path/Frameworks",
				);
				PRODUCT_BUNDLE_IDENTIFIER = one.weareday.RainyDay;
				PRODUCT_NAME = RainyDay;
				SDKROOT = iphoneos;
				SWIFT_VERSION = 5.0;
				TARGETED_DEVICE_FAMILY = "1,2";
				VALIDATE_PRODUCT = YES;
			};
			name = Release;
		};
		FED51C76262C5AB800FFCB4D /* Debug */ = {
			isa = XCBuildConfiguration;
			baseConfigurationReference = DF7C365A0CA0AC6CDA19C780 /* Pods-RainyDay (macOS).debug.xcconfig */;
			buildSettings = {
				ASSETCATALOG_COMPILER_APPICON_NAME = AppIcon;
				ASSETCATALOG_COMPILER_GLOBAL_ACCENT_COLOR_NAME = AccentColor;
				CODE_SIGN_ENTITLEMENTS = macOS/macOS.entitlements;
				CODE_SIGN_STYLE = Automatic;
				COMBINE_HIDPI_IMAGES = YES;
				DEVELOPMENT_TEAM = 5J9H5L33GF;
				ENABLE_HARDENED_RUNTIME = YES;
				ENABLE_PREVIEWS = YES;
				INFOPLIST_FILE = macOS/Info.plist;
				LD_RUNPATH_SEARCH_PATHS = (
					"$(inherited)",
					"@executable_path/../Frameworks",
				);
				MACOSX_DEPLOYMENT_TARGET = 11.0;
				PRODUCT_BUNDLE_IDENTIFIER = one.weareday.RainyDay;
				PRODUCT_NAME = RainyDay;
				SDKROOT = macosx;
				SWIFT_VERSION = 5.0;
			};
			name = Debug;
		};
		FED51C77262C5AB800FFCB4D /* Release */ = {
			isa = XCBuildConfiguration;
			baseConfigurationReference = 8B9B3179F7A0F518D6E9481A /* Pods-RainyDay (macOS).release.xcconfig */;
			buildSettings = {
				ASSETCATALOG_COMPILER_APPICON_NAME = AppIcon;
				ASSETCATALOG_COMPILER_GLOBAL_ACCENT_COLOR_NAME = AccentColor;
				CODE_SIGN_ENTITLEMENTS = macOS/macOS.entitlements;
				CODE_SIGN_STYLE = Automatic;
				COMBINE_HIDPI_IMAGES = YES;
				DEVELOPMENT_TEAM = 5J9H5L33GF;
				ENABLE_HARDENED_RUNTIME = YES;
				ENABLE_PREVIEWS = YES;
				INFOPLIST_FILE = macOS/Info.plist;
				LD_RUNPATH_SEARCH_PATHS = (
					"$(inherited)",
					"@executable_path/../Frameworks",
				);
				MACOSX_DEPLOYMENT_TARGET = 11.0;
				PRODUCT_BUNDLE_IDENTIFIER = one.weareday.RainyDay;
				PRODUCT_NAME = RainyDay;
				SDKROOT = macosx;
				SWIFT_VERSION = 5.0;
			};
			name = Release;
		};
/* End XCBuildConfiguration section */

/* Begin XCConfigurationList section */
		FED51C55262C5AB200FFCB4D /* Build configuration list for PBXProject "RainyDay" */ = {
			isa = XCConfigurationList;
			buildConfigurations = (
				FED51C70262C5AB800FFCB4D /* Debug */,
				FED51C71262C5AB800FFCB4D /* Release */,
			);
			defaultConfigurationIsVisible = 0;
			defaultConfigurationName = Release;
		};
		FED51C72262C5AB800FFCB4D /* Build configuration list for PBXNativeTarget "RainyDay (iOS)" */ = {
			isa = XCConfigurationList;
			buildConfigurations = (
				FED51C73262C5AB800FFCB4D /* Debug */,
				FED51C74262C5AB800FFCB4D /* Release */,
			);
			defaultConfigurationIsVisible = 0;
			defaultConfigurationName = Release;
		};
		FED51C75262C5AB800FFCB4D /* Build configuration list for PBXNativeTarget "RainyDay (macOS)" */ = {
			isa = XCConfigurationList;
			buildConfigurations = (
				FED51C76262C5AB800FFCB4D /* Debug */,
				FED51C77262C5AB800FFCB4D /* Release */,
			);
			defaultConfigurationIsVisible = 0;
			defaultConfigurationName = Release;
		};
/* End XCConfigurationList section */
	};
	rootObject = FED51C52262C5AB200FFCB4D /* Project object */;
}
